
Microsoft Visual Studio Solution File, Format Version 12.00
# Visual Studio Version 17
VisualStudioVersion = 17.7.34024.191
MinimumVisualStudioVersion = 10.0.40219.1
Project("{8BC9CEB8-8B4A-11D0-8D11-00A0C91BC942}") = "Cproc", "Cproc\Cproc.vcxproj", "{AA920B0A-D403-4D88-B18E-58B7610E4E51}"
EndProject
Global
	GlobalSection(SolutionConfigurationPlatforms) = preSolution
		Debug|x64 = Debug|x64
		Release|x64 = Release|x64
	EndGlobalSection
	GlobalSection(ProjectConfigurationPlatforms) = postSolution
		{AA920B0A-D403-4D88-B18E-58B7610E4E51}.Debug|x64.ActiveCfg = Debug|x64
		{AA920B0A-D403-4D88-B18E-58B7610E4E51}.Debug|x64.Build.0 = Debug|x64
		{AA920B0A-D403-4D88-B18E-58B7610E4E51}.Release|x64.ActiveCfg = Release|x64
		{AA920B0A-D403-4D88-B18E-58B7610E4E51}.Release|x64.Build.0 = Release|x64
	EndGlobalSection
	GlobalSection(SolutionProperties) = preSolution
		HideSolutionNode = FALSE
	EndGlobalSection
	GlobalSection(ExtensibilityGlobals) = postSolution
		SolutionGuid = {0726A4A2-E637-4409-BE56-A5B8A8C30954}
	EndGlobalSection
EndGlobal
