<?xml version="1.0" encoding="utf-8"?>
<Project ToolsVersion="4.0" xmlns="http://schemas.microsoft.com/developer/msbuild/2003">
  <ItemGroup>
    <Filter Include="Source Files">
      <UniqueIdentifier>{4FC737F1-C7A5-4376-A066-2A32D752A2FF}</UniqueIdentifier>
      <Extensions>cpp;c;cc;cxx;c++;cppm;ixx;def;odl;idl;hpj;bat;asm;asmx</Extensions>
    </Filter>
    <Filter Include="Header Files">
      <UniqueIdentifier>{93995380-89BD-4b04-88EB-625FBE52EBFB}</UniqueIdentifier>
      <Extensions>h;hh;hpp;hxx;h++;hm;inl;inc;ipp;xsd</Extensions>
    </Filter>
    <Filter Include="Resource Files">
      <UniqueIdentifier>{67DA6AB6-F800-4c08-8B7A-83BB121AAD01}</UniqueIdentifier>
      <Extensions>rc;ico;cur;bmp;dlg;rc2;rct;bin;rgs;gif;jpg;jpeg;jpe;resx;tiff;tif;png;wav;mfcribbon-ms</Extensions>
    </Filter>
    <Filter Include="Header Files\Engine">
      <UniqueIdentifier>{aa1b99ce-e097-402b-a4f3-66e3c758c3c0}</UniqueIdentifier>
    </Filter>
    <Filter Include="Header Files\Game">
      <UniqueIdentifier>{a578d36a-8ee2-4a57-9ed2-f257af35ef53}</UniqueIdentifier>
    </Filter>
    <Filter Include="Source Files\Engine">
      <UniqueIdentifier>{e84c44b4-2b21-4e72-9800-ca9f0d6db2bc}</UniqueIdentifier>
    </Filter>
    <Filter Include="Source Files\Game">
      <UniqueIdentifier>{6d853930-1f35-44c6-90a9-9b26ed078a59}</UniqueIdentifier>
    </Filter>
  </ItemGroup>
  <ItemGroup>
    <ClCompile Include="Main.cpp">
      <Filter>Source Files</Filter>
    </ClCompile>
    <ClCompile Include="E_Asset.cpp">
      <Filter>Source Files\Engine</Filter>
    </ClCompile>
    <ClCompile Include="E_Constants.cpp">
      <Filter>Source Files\Engine</Filter>
    </ClCompile>
    <ClCompile Include="E_Engine.cpp">
      <Filter>Source Files\Engine</Filter>
    </ClCompile>
    <ClCompile Include="E_Error.cpp">
      <Filter>Source Files\Engine</Filter>
    </ClCompile>
    <ClCompile Include="E_AEEngineInterface.cpp">
      <Filter>Source Files\Engine</Filter>
    </ClCompile>
    <ClCompile Include="E_Object.cpp">
      <Filter>Source Files\Engine</Filter>
    </ClCompile>
    <ClCompile Include="E_SceneFactory.cpp">
      <Filter>Source Files\Engine</Filter>
    </ClCompile>
    <ClCompile Include="E_SceneManager.cpp">
      <Filter>Source Files\Engine</Filter>
    </ClCompile>
    <ClCompile Include="E_Transform.cpp">
      <Filter>Source Files\Engine</Filter>
    </ClCompile>
    <ClCompile Include="G_Scene_Game.cpp">
      <Filter>Source Files\Game</Filter>
    </ClCompile>
    <ClCompile Include="G_Constants.cpp">
      <Filter>Source Files\Game</Filter>
    </ClCompile>
    <ClCompile Include="E_Text.cpp">
      <Filter>Source Files\Engine</Filter>
    </ClCompile>
    <ClCompile Include="E_Debug.cpp">
      <Filter>Source Files\Engine</Filter>
    </ClCompile>
    <ClCompile Include="E_Camera.cpp">
      <Filter>Source Files\Engine</Filter>
    </ClCompile>
    <ClCompile Include="E_Button.cpp">
      <Filter>Source Files\Engine</Filter>
    </ClCompile>
    <ClCompile Include="G_Scene_MainMenu.cpp">
      <Filter>Source Files\Game</Filter>
    </ClCompile>
    <ClCompile Include="E_IOManager.cpp">
      <Filter>Source Files\Engine</Filter>
    </ClCompile>
    <ClCompile Include="G_Map.cpp">
      <Filter>Source Files\Game</Filter>
    </ClCompile>
    <ClCompile Include="G_Block.cpp">
      <Filter>Source Files\Game</Filter>
    </ClCompile>
    <ClCompile Include="G_Player.cpp">
      <Filter>Source Files\Game</Filter>
    </ClCompile>
    <ClCompile Include="G_GrappleHook.cpp">
      <Filter>Source Files\Game</Filter>
    </ClCompile>
    <ClCompile Include="E_LineRenderer.cpp">
      <Filter>Source Files\Engine</Filter>
    </ClCompile>
    <ClCompile Include="E_Physics.cpp">
      <Filter>Source Files\Engine</Filter>
    </ClCompile>
    <ClCompile Include="E_Collision.cpp">
      <Filter>Source Files\Engine</Filter>
    </ClCompile>
    <ClCompile Include="G_Scene_Settings.cpp">
      <Filter>Source Files\Game</Filter>
    </ClCompile>
    <ClCompile Include="G_Scene_Credits.cpp">
      <Filter>Source Files\Game</Filter>
    </ClCompile>
    <ClCompile Include="G_Scene_Tutorial.cpp">
      <Filter>Source Files\Game</Filter>
    </ClCompile>
    <ClCompile Include="pch.cpp">
      <Filter>Source Files</Filter>
    </ClCompile>
    <ClCompile Include="E_SceneBase.cpp">
      <Filter>Source Files\Engine</Filter>
    </ClCompile>
    <ClCompile Include="E_Sprite.cpp">
      <Filter>Source Files\Engine</Filter>
    </ClCompile>
    <ClCompile Include="G_Scene_Pause.cpp">
      <Filter>Source Files\Game</Filter>
    </ClCompile>
    <ClCompile Include="E_AudioManager.cpp">
      <Filter>Source Files\Engine</Filter>
    </ClCompile>
    <ClCompile Include="G_EnemyBase.cpp">
      <Filter>Source Files\Game</Filter>
    </ClCompile>
    <ClCompile Include="E_ParticleSystem.cpp">
      <Filter>Source Files\Engine</Filter>
    </ClCompile>
    <ClCompile Include="G_DoorBlock.cpp">
      <Filter>Source Files\Game</Filter>
    </ClCompile>
    <ClCompile Include="G_ButtonBlock.cpp">
      <Filter>Source Files\Game</Filter>
    </ClCompile>
    <ClCompile Include="G_ArcPredictor.cpp">
      <Filter>Source Files\Game</Filter>
    </ClCompile>
    <ClCompile Include="G_LiquidEmitter.cpp">
      <Filter>Source Files\Game</Filter>
    </ClCompile>
    <ClCompile Include="E_BaseStateMachine.cpp">
      <Filter>Source Files\Engine</Filter>
    </ClCompile>
    <ClCompile Include="E_BaseState.cpp">
      <Filter>Source Files\Engine</Filter>
    </ClCompile>
    <ClCompile Include="G_GameState.cpp">
      <Filter>Source Files\Game</Filter>
    </ClCompile>
    <ClCompile Include="G_GrabDisplay.cpp">
      <Filter>Source Files\Game</Filter>
    </ClCompile>
    <ClCompile Include="G_Sign.cpp">
      <Filter>Source Files\Game</Filter>
    </ClCompile>
    <ClCompile Include="E_Utility.cpp">
      <Filter>Source Files\Engine</Filter>
    </ClCompile>
    <ClCompile Include="G_LevelObjects.cpp">
      <Filter>Source Files\Game</Filter>
    </ClCompile>
    <ClCompile Include="E_Parallax.cpp">
      <Filter>Source Files\Engine</Filter>
    </ClCompile>
    <ClCompile Include="G_EnemyTurret.cpp">
      <Filter>Source Files\Game</Filter>
    </ClCompile>
    <ClCompile Include="G_Projectile.cpp">
      <Filter>Source Files\Game</Filter>
    </ClCompile>
    <ClCompile Include="G_HealthDisplay.cpp">
      <Filter>Source Files\Game</Filter>
    </ClCompile>
    <ClCompile Include="G_BlockTexture.cpp">
      <Filter>Source Files\Game</Filter>
    </ClCompile>
    <ClCompile Include="G_EnemyBoss.cpp">
      <Filter>Source Files\Game</Filter>
    </ClCompile>
    <ClCompile Include="G_PredictorProjectile.cpp">
      <Filter>Source Files\Game</Filter>
    </ClCompile>
    <ClCompile Include="G_EnemyTurret.cpp">
      <Filter>Source Files\Game</Filter>
    </ClCompile>
    <ClCompile Include="G_Projectile.cpp">
      <Filter>Source Files\Game</Filter>
    </ClCompile>
    <ClCompile Include="E_TurretStateMachine.cpp">
      <Filter>Source Files\Engine</Filter>
    </ClCompile>
    <ClCompile Include="G_Physics.cpp">
      <Filter>Source Files\Game</Filter>
    </ClCompile>
    <ClCompile Include="G_TextLayer.cpp">
      <Filter>Source Files\Game</Filter>
    </ClCompile>
    <ClCompile Include="G_ParticleSystem.cpp">
      <Filter>Source Files\Game</Filter>
    </ClCompile>
    <ClCompile Include="G_ParticleSystem.cpp">
      <Filter>Source Files</Filter>
    </ClCompile>
    <ClCompile Include="G_EnemyPatroller.cpp">
      <Filter>Source Files\Game</Filter>
    </ClCompile>
    <ClCompile Include="G_PlayerAnimationTree.cpp">
      <Filter>Source Files\Game</Filter>
    </ClCompile>
    <ClCompile Include="G_Scene_Splash.cpp">
      <Filter>Source Files\Game</Filter>
    </ClCompile>
    <ClCompile Include="G_TiledBackground.cpp">
      <Filter>Source Files\Game</Filter>
    </ClCompile>
    <ClCompile Include="E_TurretStateMachine.cpp">
      <Filter>Source Files\Engine</Filter>
    </ClCompile>
    <ClCompile Include="E_PatrollerStateMachine.cpp">
      <Filter>Source Files\Engine</Filter>
    </ClCompile>
    <ClCompile Include="G_PatrollerAnimTree.cpp">
      <Filter>Source Files\Game</Filter>
    </ClCompile>
  </ItemGroup>
  <ItemGroup>
    <ClInclude Include="E_Asset.h">
      <Filter>Header Files\Engine</Filter>
    </ClInclude>
    <ClInclude Include="E_Constants.h">
      <Filter>Header Files\Engine</Filter>
    </ClInclude>
    <ClInclude Include="E_Engine.h">
      <Filter>Header Files\Engine</Filter>
    </ClInclude>
    <ClInclude Include="E_Error.h">
      <Filter>Header Files\Engine</Filter>
    </ClInclude>
    <ClInclude Include="E_AEEngineInterface.h">
      <Filter>Header Files\Engine</Filter>
    </ClInclude>
    <ClInclude Include="E_Object.h">
      <Filter>Header Files\Engine</Filter>
    </ClInclude>
    <ClInclude Include="E_SceneBase.h">
      <Filter>Header Files\Engine</Filter>
    </ClInclude>
    <ClInclude Include="E_SceneFactory.h">
      <Filter>Header Files\Engine</Filter>
    </ClInclude>
    <ClInclude Include="E_SceneManager.h">
      <Filter>Header Files\Engine</Filter>
    </ClInclude>
    <ClInclude Include="E_Singleton.h">
      <Filter>Header Files\Engine</Filter>
    </ClInclude>
    <ClInclude Include="E_Transform.h">
      <Filter>Header Files\Engine</Filter>
    </ClInclude>
    <ClInclude Include="G_Scene_Game.h">
      <Filter>Header Files\Game</Filter>
    </ClInclude>
    <ClInclude Include="G_Constants.h">
      <Filter>Header Files\Game</Filter>
    </ClInclude>
    <ClInclude Include="E_Text.h">
      <Filter>Header Files\Engine</Filter>
    </ClInclude>
    <ClInclude Include="E_Debug.h">
      <Filter>Header Files\Engine</Filter>
    </ClInclude>
    <ClInclude Include="E_Camera.h">
      <Filter>Header Files\Engine</Filter>
    </ClInclude>
    <ClInclude Include="E_Button.h">
      <Filter>Header Files\Engine</Filter>
    </ClInclude>
    <ClInclude Include="G_Scene_MainMenu.h">
      <Filter>Header Files\Game</Filter>
    </ClInclude>
    <ClInclude Include="E_IOManager.h">
      <Filter>Header Files\Engine</Filter>
    </ClInclude>
    <ClInclude Include="G_Map.h">
      <Filter>Header Files\Game</Filter>
    </ClInclude>
    <ClInclude Include="G_Block.h">
      <Filter>Header Files\Game</Filter>
    </ClInclude>
    <ClInclude Include="G_Player.h">
      <Filter>Header Files\Game</Filter>
    </ClInclude>
    <ClInclude Include="G_GrappleHook.h">
      <Filter>Header Files\Game</Filter>
    </ClInclude>
    <ClInclude Include="E_LineRenderer.h">
      <Filter>Header Files\Engine</Filter>
    </ClInclude>
    <ClInclude Include="E_Physics.h">
      <Filter>Header Files\Engine</Filter>
    </ClInclude>
    <ClInclude Include="E_Collision.h">
      <Filter>Header Files\Engine</Filter>
    </ClInclude>
    <ClInclude Include="G_Scene_Settings.h">
      <Filter>Header Files\Game</Filter>
    </ClInclude>
    <ClInclude Include="G_Scene_Credits.h">
      <Filter>Header Files\Game</Filter>
    </ClInclude>
    <ClInclude Include="G_Scene_Tutorial.h">
      <Filter>Header Files\Game</Filter>
    </ClInclude>
    <ClInclude Include="pch.h">
      <Filter>Header Files</Filter>
    </ClInclude>
    <ClInclude Include="E_Sprite.h">
      <Filter>Header Files\Engine</Filter>
    </ClInclude>
    <ClInclude Include="G_Scene_Pause.h">
      <Filter>Header Files\Game</Filter>
    </ClInclude>
    <ClInclude Include="E_AudioManager.h">
      <Filter>Header Files\Engine</Filter>
    </ClInclude>
    <ClInclude Include="G_EnemyBase.h">
      <Filter>Header Files\Game</Filter>
    </ClInclude>
    <ClInclude Include="E_ParticleSystem.h">
      <Filter>Header Files\Engine</Filter>
    </ClInclude>
    <ClInclude Include="G_DoorBlock.h">
      <Filter>Header Files\Game</Filter>
    </ClInclude>
    <ClInclude Include="G_ButtonBlock.h">
      <Filter>Header Files\Game</Filter>
    </ClInclude>
    <ClInclude Include="G_BlockEntity.h">
      <Filter>Header Files\Game</Filter>
    </ClInclude>
    <ClInclude Include="G_ArcPredictor.h">
      <Filter>Header Files\Game</Filter>
    </ClInclude>
    <ClInclude Include="G_LiquidEmitter.h">
      <Filter>Header Files\Game</Filter>
    </ClInclude>
    <ClInclude Include="E_BaseStateMachine.h">
      <Filter>Header Files\Engine</Filter>
    </ClInclude>
    <ClInclude Include="E_BaseState.h">
      <Filter>Header Files\Engine</Filter>
    </ClInclude>
    <ClInclude Include="G_GameState.h">
      <Filter>Header Files\Game</Filter>
    </ClInclude>
    <ClInclude Include="G_GrabDisplay.h">
      <Filter>Header Files\Game</Filter>
    </ClInclude>
    <ClInclude Include="G_Sign.h">
      <Filter>Header Files\Game</Filter>
    </ClInclude>
    <ClInclude Include="E_Utility.h">
      <Filter>Header Files\Engine</Filter>
    </ClInclude>
    <ClInclude Include="G_EnemyTurret.h">
      <Filter>Header Files\Game</Filter>
    </ClInclude>
    <ClInclude Include="G_Projectile.h">
      <Filter>Header Files\Game</Filter>
    </ClInclude>
    <ClInclude Include="E_ObjectLayer.h">
      <Filter>Header Files\Engine</Filter>
    </ClInclude>
    <ClInclude Include="G_LevelObjects.h">
      <Filter>Header Files\Game</Filter>
    </ClInclude>
    <ClInclude Include="E_SafeVector.h">
      <Filter>Header Files\Engine</Filter>
    </ClInclude>
    <ClInclude Include="E_Parallax.h">
      <Filter>Header Files\Engine</Filter>
    </ClInclude>
    <ClInclude Include="G_HealthDisplay.h">
      <Filter>Header Files\Game</Filter>
    </ClInclude>
    <ClInclude Include="G_BlockTexture.h">
      <Filter>Header Files\Game</Filter>
    </ClInclude>
    <ClInclude Include="G_EnemyBoss.h">
      <Filter>Header Files\Game</Filter>
    </ClInclude>
    <ClInclude Include="G_PredictorProjectile.h">
      <Filter>Header Files\Game</Filter>
    </ClInclude>
    <ClInclude Include="G_Physics.h">
      <Filter>Header Files\Game</Filter>
    </ClInclude>
    <ClInclude Include="G_TextLayer.h">
      <Filter>Header Files\Game</Filter>
    </ClInclude>
    <ClInclude Include="G_PlayerAnimationTree.h">
      <Filter>Header Files\Game</Filter>
    </ClInclude>
    <ClInclude Include="G_ParticleSystem.h">
      <Filter>Header Files\Game</Filter>
    </ClInclude>
    <ClInclude Include="G_EnemyPatroller.h">
      <Filter>Header Files\Game</Filter>
    </ClInclude>
    <ClInclude Include="G_Scene_Splash.h">
      <Filter>Header Files\Game</Filter>
    </ClInclude>
    <ClInclude Include="G_TiledBackground.h">
      <Filter>Header Files\Game</Filter>
    </ClInclude>
    <ClInclude Include="G_PatrollerAnimTree.h">
      <Filter>Header Files\Game</Filter>
    </ClInclude>
    <ClInclude Include="E_TurretStateMachine.h">
      <Filter>Header Files\Engine</Filter>
    </ClInclude>
    <ClInclude Include="E_PatrollerStateMachine.h">
      <Filter>Header Files\Engine</Filter>
    </ClInclude>
  </ItemGroup>
</Project>